// !$*UTF8*$!
{
	archiveVersion = 1;
	classes = {
	};
	objectVersion = 50;
	objects = {

/* Begin PBXBuildFile section */
		CA3002642518024E00D49E18 /* AppDelegate.swift in Sources */ = {isa = PBXBuildFile; fileRef = CA3002632518024E00D49E18 /* AppDelegate.swift */; };
		CA3002662518024E00D49E18 /* SceneDelegate.swift in Sources */ = {isa = PBXBuildFile; fileRef = CA3002652518024E00D49E18 /* SceneDelegate.swift */; };
		CA3002682518024E00D49E18 /* ViewController.swift in Sources */ = {isa = PBXBuildFile; fileRef = CA3002672518024E00D49E18 /* ViewController.swift */; };
		CA30026B2518024E00D49E18 /* Main.storyboard in Resources */ = {isa = PBXBuildFile; fileRef = CA3002692518024E00D49E18 /* Main.storyboard */; };
		CA30026D2518024F00D49E18 /* Assets.xcassets in Resources */ = {isa = PBXBuildFile; fileRef = CA30026C2518024F00D49E18 /* Assets.xcassets */; };
		CA3002702518024F00D49E18 /* LaunchScreen.storyboard in Resources */ = {isa = PBXBuildFile; fileRef = CA30026E2518024F00D49E18 /* LaunchScreen.storyboard */; };
		CA3002792518033200D49E18 /* Punter.swift in Sources */ = {isa = PBXBuildFile; fileRef = CA3002782518033200D49E18 /* Punter.swift */; };
		CA30027D2518034600D49E18 /* KronikaTv.swift in Sources */ = {isa = PBXBuildFile; fileRef = CA30027C2518034600D49E18 /* KronikaTv.swift */; };
		CA3002802518035500D49E18 /* CasasApostas.swift in Sources */ = {isa = PBXBuildFile; fileRef = CA30027F2518035500D49E18 /* CasasApostas.swift */; };
		CA3002832518038D00D49E18 /* ProtocolRacecourse.swift in Sources */ = {isa = PBXBuildFile; fileRef = CA3002822518038D00D49E18 /* ProtocolRacecourse.swift */; };
		CA3002892518071600D49E18 /* Bookmakers.swift in Sources */ = {isa = PBXBuildFile; fileRef = CA3002882518071600D49E18 /* Bookmakers.swift */; };
/* End PBXBuildFile section */

/* Begin PBXFileReference section */
		CA3002602518024E00D49E18 /* Exercicio04Hipodromo.app */ = {isa = PBXFileReference; explicitFileType = wrapper.application; includeInIndex = 0; path = Exercicio04Hipodromo.app; sourceTree = BUILT_PRODUCTS_DIR; };
		CA3002632518024E00D49E18 /* AppDelegate.swift */ = {isa = PBXFileReference; lastKnownFileType = sourcecode.swift; path = AppDelegate.swift; sourceTree = "<group>"; };
		CA3002652518024E00D49E18 /* SceneDelegate.swift */ = {isa = PBXFileReference; lastKnownFileType = sourcecode.swift; path = SceneDelegate.swift; sourceTree = "<group>"; };
		CA3002672518024E00D49E18 /* ViewController.swift */ = {isa = PBXFileReference; lastKnownFileType = sourcecode.swift; path = ViewController.swift; sourceTree = "<group>"; };
		CA30026A2518024E00D49E18 /* Base */ = {isa = PBXFileReference; lastKnownFileType = file.storyboard; name = Base; path = Base.lproj/Main.storyboard; sourceTree = "<group>"; };
		CA30026C2518024F00D49E18 /* Assets.xcassets */ = {isa = PBXFileReference; lastKnownFileType = folder.assetcatalog; path = Assets.xcassets; sourceTree = "<group>"; };
		CA30026F2518024F00D49E18 /* Base */ = {isa = PBXFileReference; lastKnownFileType = file.storyboard; name = Base; path = Base.lproj/LaunchScreen.storyboard; sourceTree = "<group>"; };
		CA3002712518024F00D49E18 /* Info.plist */ = {isa = PBXFileReference; lastKnownFileType = text.plist.xml; path = Info.plist; sourceTree = "<group>"; };
		CA3002782518033200D49E18 /* Punter.swift */ = {isa = PBXFileReference; lastKnownFileType = sourcecode.swift; path = Punter.swift; sourceTree = "<group>"; };
		CA30027C2518034600D49E18 /* KronikaTv.swift */ = {isa = PBXFileReference; lastKnownFileType = sourcecode.swift; path = KronikaTv.swift; sourceTree = "<group>"; };
		CA30027F2518035500D49E18 /* CasasApostas.swift */ = {isa = PBXFileReference; lastKnownFileType = sourcecode.swift; path = CasasApostas.swift; sourceTree = "<group>"; };
		CA3002822518038D00D49E18 /* ProtocolRacecourse.swift */ = {isa = PBXFileReference; lastKnownFileType = sourcecode.swift; path = ProtocolRacecourse.swift; sourceTree = "<group>"; };
		CA3002882518071600D49E18 /* Bookmakers.swift */ = {isa = PBXFileReference; lastKnownFileType = sourcecode.swift; path = Bookmakers.swift; sourceTree = "<group>"; };
/* End PBXFileReference section */

/* Begin PBXFrameworksBuildPhase section */
		CA30025D2518024E00D49E18 /* Frameworks */ = {
			isa = PBXFrameworksBuildPhase;
			buildActionMask = 2147483647;
			files = (
			);
			runOnlyForDeploymentPostprocessing = 0;
		};
/* End PBXFrameworksBuildPhase section */

/* Begin PBXGroup section */
		CA3002572518024E00D49E18 = {
			isa = PBXGroup;
			children = (
				CA3002622518024E00D49E18 /* Exercicio04Hipodromo */,
				CA3002612518024E00D49E18 /* Products */,
			);
			sourceTree = "<group>";
		};
		CA3002612518024E00D49E18 /* Products */ = {
			isa = PBXGroup;
			children = (
				CA3002602518024E00D49E18 /* Exercicio04Hipodromo.app */,
			);
			name = Products;
			sourceTree = "<group>";
		};
		CA3002622518024E00D49E18 /* Exercicio04Hipodromo */ = {
			isa = PBXGroup;
			children = (
				CA3002632518024E00D49E18 /* AppDelegate.swift */,
				CA3002652518024E00D49E18 /* SceneDelegate.swift */,
				CA3002672518024E00D49E18 /* ViewController.swift */,
				CA3002692518024E00D49E18 /* Main.storyboard */,
				CA3002822518038D00D49E18 /* ProtocolRacecourse.swift */,
				CA3002782518033200D49E18 /* Punter.swift */,
				CA30027C2518034600D49E18 /* KronikaTv.swift */,
				CA3002882518071600D49E18 /* Bookmakers.swift */,
				CA30026C2518024F00D49E18 /* Assets.xcassets */,
				CA30027F2518035500D49E18 /* CasasApostas.swift */,
				CA30026E2518024F00D49E18 /* LaunchScreen.storyboard */,
				CA3002712518024F00D49E18 /* Info.plist */,
			);
			path = Exercicio04Hipodromo;
			sourceTree = "<group>";
		};
/* End PBXGroup section */

/* Begin PBXNativeTarget section */
		CA30025F2518024E00D49E18 /* Exercicio04Hipodromo */ = {
			isa = PBXNativeTarget;
			buildConfigurationList = CA3002742518024F00D49E18 /* Build configuration list for PBXNativeTarget "Exercicio04Hipodromo" */;
			buildPhases = (
				CA30025C2518024E00D49E18 /* Sources */,
				CA30025D2518024E00D49E18 /* Frameworks */,
				CA30025E2518024E00D49E18 /* Resources */,
			);
			buildRules = (
			);
			dependencies = (
			);
			name = Exercicio04Hipodromo;
			productName = Exercicio04Hipodromo;
			productReference = CA3002602518024E00D49E18 /* Exercicio04Hipodromo.app */;
			productType = "com.apple.product-type.application";
		};
/* End PBXNativeTarget section */

/* Begin PBXProject section */
		CA3002582518024E00D49E18 /* Project object */ = {
			isa = PBXProject;
			attributes = {
				LastSwiftUpdateCheck = 1200;
				LastUpgradeCheck = 1200;
				TargetAttributes = {
					CA30025F2518024E00D49E18 = {
						CreatedOnToolsVersion = 12.0;
					};
				};
			};
			buildConfigurationList = CA30025B2518024E00D49E18 /* Build configuration list for PBXProject "Exercicio04Hipodromo" */;
			compatibilityVersion = "Xcode 9.3";
			developmentRegion = en;
			hasScannedForEncodings = 0;
			knownRegions = (
				en,
				Base,
			);
			mainGroup = CA3002572518024E00D49E18;
			productRefGroup = CA3002612518024E00D49E18 /* Products */;
			projectDirPath = "";
			projectRoot = "";
			targets = (
				CA30025F2518024E00D49E18 /* Exercicio04Hipodromo */,
			);
		};
/* End PBXProject section */

/* Begin PBXResourcesBuildPhase section */
		CA30025E2518024E00D49E18 /* Resources */ = {
			isa = PBXResourcesBuildPhase;
			buildActionMask = 2147483647;
			files = (
				CA3002702518024F00D49E18 /* LaunchScreen.storyboard in Resources */,
				CA30026D2518024F00D49E18 /* Assets.xcassets in Resources */,
				CA30026B2518024E00D49E18 /* Main.storyboard in Resources */,
			);
			runOnlyForDeploymentPostprocessing = 0;
		};
/* End PBXResourcesBuildPhase section */

/* Begin PBXSourcesBuildPhase section */
		CA30025C2518024E00D49E18 /* Sources */ = {
			isa = PBXSourcesBuildPhase;
			buildActionMask = 2147483647;
			files = (
				CA3002682518024E00D49E18 /* ViewController.swift in Sources */,
				CA3002892518071600D49E18 /* Bookmakers.swift in Sources */,
				CA3002832518038D00D49E18 /* ProtocolRacecourse.swift in Sources */,
				CA3002792518033200D49E18 /* Punter.swift in Sources */,
				CA3002642518024E00D49E18 /* AppDelegate.swift in Sources */,
				CA3002802518035500D49E18 /* CasasApostas.swift in Sources */,
				CA30027D2518034600D49E18 /* KronikaTv.swift in Sources */,
				CA3002662518024E00D49E18 /* SceneDelegate.swift in Sources */,
			);
			runOnlyForDeploymentPostprocessing = 0;
		};
/* End PBXSourcesBuildPhase section */

/* Begin PBXVariantGroup section */
		CA3002692518024E00D49E18 /* Main.storyboard */ = {
			isa = PBXVariantGroup;
			children = (
				CA30026A2518024E00D49E18 /* Base */,
			);
			name = Main.storyboard;
			sourceTree = "<group>";
		};
		CA30026E2518024F00D49E18 /* LaunchScreen.storyboard */ = {
			isa = PBXVariantGroup;
			children = (
				CA30026F2518024F00D49E18 /* Base */,
			);
			name = LaunchScreen.storyboard;
			sourceTree = "<group>";
		};
/* End PBXVariantGroup section */

/* Begin XCBuildConfiguration section */
		CA3002722518024F00D49E18 /* Debug */ = {
			isa = XCBuildConfiguration;
			buildSettings = {
				ALWAYS_SEARCH_USER_PATHS = NO;
				CLANG_ANALYZER_NONNULL = YES;
				CLANG_ANALYZER_NUMBER_OBJECT_CONVERSION = YES_AGGRESSIVE;
				CLANG_CXX_LANGUAGE_STANDARD = "gnu++14";
				CLANG_CXX_LIBRARY = "libc++";
				CLANG_ENABLE_MODULES = YES;
				CLANG_ENABLE_OBJC_ARC = YES;
				CLANG_ENABLE_OBJC_WEAK = YES;
				CLANG_WARN_BLOCK_CAPTURE_AUTORELEASING = YES;
				CLANG_WARN_BOOL_CONVERSION = YES;
				CLANG_WARN_COMMA = YES;
				CLANG_WARN_CONSTANT_CONVERSION = YES;
				CLANG_WARN_DEPRECATED_OBJC_IMPLEMENTATIONS = YES;
				CLANG_WARN_DIRECT_OBJC_ISA_USAGE = YES_ERROR;
				CLANG_WARN_DOCUMENTATION_COMMENTS = YES;
				CLANG_WARN_EMPTY_BODY = YES;
				CLANG_WARN_ENUM_CONVERSION = YES;
				CLANG_WARN_INFINITE_RECURSION = YES;
				CLANG_WARN_INT_CONVERSION = YES;
				CLANG_WARN_NON_LITERAL_NULL_CONVERSION = YES;
				CLANG_WARN_OBJC_IMPLICIT_RETAIN_SELF = YES;
				CLANG_WARN_OBJC_LITERAL_CONVERSION = YES;
				CLANG_WARN_OBJC_ROOT_CLASS = YES_ERROR;
				CLANG_WARN_QUOTED_INCLUDE_IN_FRAMEWORK_HEADER = YES;
				CLANG_WARN_RANGE_LOOP_ANALYSIS = YES;
				CLANG_WARN_STRICT_PROTOTYPES = YES;
				CLANG_WARN_SUSPICIOUS_MOVE = YES;
				CLANG_WARN_UNGUARDED_AVAILABILITY = YES_AGGRESSIVE;
				CLANG_WARN_UNREACHABLE_CODE = YES;
				CLANG_WARN__DUPLICATE_METHOD_MATCH = YES;
				COPY_PHASE_STRIP = NO;
				DEBUG_INFORMATION_FORMAT = dwarf;
				ENABLE_STRICT_OBJC_MSGSEND = YES;
				ENABLE_TESTABILITY = YES;
				GCC_C_LANGUAGE_STANDARD = gnu11;
				GCC_DYNAMIC_NO_PIC = NO;
				GCC_NO_COMMON_BLOCKS = YES;
				GCC_OPTIMIZATION_LEVEL = 0;
				GCC_PREPROCESSOR_DEFINITIONS = (
					"DEBUG=1",
					"$(inherited)",
				);
				GCC_WARN_64_TO_32_BIT_CONVERSION = YES;
				GCC_WARN_ABOUT_RETURN_TYPE = YES_ERROR;
				GCC_WARN_UNDECLARED_SELECTOR = YES;
				GCC_WARN_UNINITIALIZED_AUTOS = YES_AGGRESSIVE;
				GCC_WARN_UNUSED_FUNCTION = YES;
				GCC_WARN_UNUSED_VARIABLE = YES;
				IPHONEOS_DEPLOYMENT_TARGET = 14.0;
				MTL_ENABLE_DEBUG_INFO = INCLUDE_SOURCE;
				MTL_FAST_MATH = YES;
				ONLY_ACTIVE_ARCH = YES;
				SDKROOT = iphoneos;
				SWIFT_ACTIVE_COMPILATION_CONDITIONS = DEBUG;
				SWIFT_OPTIMIZATION_LEVEL = "-Onone";
			};
			name = Debug;
		};
		CA3002732518024F00D49E18 /* Release */ = {
			isa = XCBuildConfiguration;
			buildSettings = {
				ALWAYS_SEARCH_USER_PATHS = NO;
				CLANG_ANALYZER_NONNULL = YES;
				CLANG_ANALYZER_NUMBER_OBJECT_CONVERSION = YES_AGGRESSIVE;
				CLANG_CXX_LANGUAGE_STANDARD = "gnu++14";
				CLANG_CXX_LIBRARY = "libc++";
				CLANG_ENABLE_MODULES = YES;
				CLANG_ENABLE_OBJC_ARC = YES;
				CLANG_ENABLE_OBJC_WEAK = YES;
				CLANG_WARN_BLOCK_CAPTURE_AUTORELEASING = YES;
				CLANG_WARN_BOOL_CONVERSION = YES;
				CLANG_WARN_COMMA = YES;
				CLANG_WARN_CONSTANT_CONVERSION = YES;
				CLANG_WARN_DEPRECATED_OBJC_IMPLEMENTATIONS = YES;
				CLANG_WARN_DIRECT_OBJC_ISA_USAGE = YES_ERROR;
				CLANG_WARN_DOCUMENTATION_COMMENTS = YES;
				CLANG_WARN_EMPTY_BODY = YES;
				CLANG_WARN_ENUM_CONVERSION = YES;
				CLANG_WARN_INFINITE_RECURSION = YES;
				CLANG_WARN_INT_CONVERSION = YES;
				CLANG_WARN_NON_LITERAL_NULL_CONVERSION = YES;
				CLANG_WARN_OBJC_IMPLICIT_RETAIN_SELF = YES;
				CLANG_WARN_OBJC_LITERAL_CONVERSION = YES;
				CLANG_WARN_OBJC_ROOT_CLASS = YES_ERROR;
				CLANG_WARN_QUOTED_INCLUDE_IN_FRAMEWORK_HEADER = YES;
				CLANG_WARN_RANGE_LOOP_ANALYSIS = YES;
				CLANG_WARN_STRICT_PROTOTYPES = YES;
				CLANG_WARN_SUSPICIOUS_MOVE = YES;
				CLANG_WARN_UNGUARDED_AVAILABILITY = YES_AGGRESSIVE;
				CLANG_WARN_UNREACHABLE_CODE = YES;
				CLANG_WARN__DUPLICATE_METHOD_MATCH = YES;
				COPY_PHASE_STRIP = NO;
				DEBUG_INFORMATION_FORMAT = "dwarf-with-dsym";
				ENABLE_NS_ASSERTIONS = NO;
				ENABLE_STRICT_OBJC_MSGSEND = YES;
				GCC_C_LANGUAGE_STANDARD = gnu11;
				GCC_NO_COMMON_BLOCKS = YES;
				GCC_WARN_64_TO_32_BIT_CONVERSION = YES;
				GCC_WARN_ABOUT_RETURN_TYPE = YES_ERROR;
				GCC_WARN_UNDECLARED_SELECTOR = YES;
				GCC_WARN_UNINITIALIZED_AUTOS = YES_AGGRESSIVE;
				GCC_WARN_UNUSED_FUNCTION = YES;
				GCC_WARN_UNUSED_VARIABLE = YES;
				IPHONEOS_DEPLOYMENT_TARGET = 14.0;
				MTL_ENABLE_DEBUG_INFO = NO;
				MTL_FAST_MATH = YES;
				SDKROOT = iphoneos;
				SWIFT_COMPILATION_MODE = wholemodule;
				SWIFT_OPTIMIZATION_LEVEL = "-O";
				VALIDATE_PRODUCT = YES;
			};
			name = Release;
		};
		CA3002752518024F00D49E18 /* Debug */ = {
			isa = XCBuildConfiguration;
			buildSettings = {
				ASSETCATALOG_COMPILER_APPICON_NAME = AppIcon;
				ASSETCATALOG_COMPILER_GLOBAL_ACCENT_COLOR_NAME = AccentColor;
				CODE_SIGN_STYLE = Automatic;
				DEVELOPMENT_TEAM = 7QQ8S647LF;
				INFOPLIST_FILE = Exercicio04Hipodromo/Info.plist;
				LD_RUNPATH_SEARCH_PATHS = (
					"$(inherited)",
					"@executable_path/Frameworks",
				);
				PRODUCT_BUNDLE_IDENTIFIER = com.cetava.Exercicio04Hipodromo;
				PRODUCT_NAME = "$(TARGET_NAME)";
				SWIFT_VERSION = 5.0;
				TARGETED_DEVICE_FAMILY = "1,2";
			};
			name = Debug;
		};
		CA3002762518024F00D49E18 /* Release */ = {
			isa = XCBuildConfiguration;
			buildSettings = {
				ASSETCATALOG_COMPILER_APPICON_NAME = AppIcon;
				ASSETCATALOG_COMPILER_GLOBAL_ACCENT_COLOR_NAME = AccentColor;
				CODE_SIGN_STYLE = Automatic;
				DEVELOPMENT_TEAM = 7QQ8S647LF;
				INFOPLIST_FILE = Exercicio04Hipodromo/Info.plist;
				LD_RUNPATH_SEARCH_PATHS = (
					"$(inherited)",
					"@executable_path/Frameworks",
				);
				PRODUCT_BUNDLE_IDENTIFIER = com.cetava.Exercicio04Hipodromo;
				PRODUCT_NAME = "$(TARGET_NAME)";
				SWIFT_VERSION = 5.0;
				TARGETED_DEVICE_FAMILY = "1,2";
			};
			name = Release;
		};
/* End XCBuildConfiguration section */

/* Begin XCConfigurationList section */
		CA30025B2518024E00D49E18 /* Build configuration list for PBXProject "Exercicio04Hipodromo" */ = {
			isa = XCConfigurationList;
			buildConfigurations = (
				CA3002722518024F00D49E18 /* Debug */,
				CA3002732518024F00D49E18 /* Release */,
			);
			defaultConfigurationIsVisible = 0;
			defaultConfigurationName = Release;
		};
		CA3002742518024F00D49E18 /* Build configuration list for PBXNativeTarget "Exercicio04Hipodromo" */ = {
			isa = XCConfigurationList;
			buildConfigurations = (
				CA3002752518024F00D49E18 /* Debug */,
				CA3002762518024F00D49E18 /* Release */,
			);
			defaultConfigurationIsVisible = 0;
			defaultConfigurationName = Release;
		};
/* End XCConfigurationList section */
	};
	rootObject = CA3002582518024E00D49E18 /* Project object */;
}
